// !$*UTF8*$!
{
	archiveVersion = 1;
	classes = {
	};
	objectVersion = 52;
	objects = {

/* Begin PBXBuildFile section */
		74366D85251CADC400B0FB76 /* AppDelegate.swift in Sources */ = {isa = PBXBuildFile; fileRef = 74366D84251CADC400B0FB76 /* AppDelegate.swift */; };
		74366D87251CADC400B0FB76 /* SceneDelegate.swift in Sources */ = {isa = PBXBuildFile; fileRef = 74366D86251CADC400B0FB76 /* SceneDelegate.swift */; };
		74366D89251CADC400B0FB76 /* ViewController.swift in Sources */ = {isa = PBXBuildFile; fileRef = 74366D88251CADC400B0FB76 /* ViewController.swift */; };
		74366D8C251CADC400B0FB76 /* Main.storyboard in Resources */ = {isa = PBXBuildFile; fileRef = 74366D8A251CADC400B0FB76 /* Main.storyboard */; };
		74366D8E251CADC500B0FB76 /* Assets.xcassets in Resources */ = {isa = PBXBuildFile; fileRef = 74366D8D251CADC500B0FB76 /* Assets.xcassets */; };
		74366D91251CADC500B0FB76 /* LaunchScreen.storyboard in Resources */ = {isa = PBXBuildFile; fileRef = 74366D8F251CADC500B0FB76 /* LaunchScreen.storyboard */; };
		74366D9C251CADC500B0FB76 /* LandlordStudioTestSamTests.swift in Sources */ = {isa = PBXBuildFile; fileRef = 74366D9B251CADC500B0FB76 /* LandlordStudioTestSamTests.swift */; };
		74366DA7251CADC500B0FB76 /* LandlordStudioTestSamUITests.swift in Sources */ = {isa = PBXBuildFile; fileRef = 74366DA6251CADC500B0FB76 /* LandlordStudioTestSamUITests.swift */; };
		74366DB8251CAF7600B0FB76 /* CurrencyTableViewCell.swift in Sources */ = {isa = PBXBuildFile; fileRef = 74366DB7251CAF7600B0FB76 /* CurrencyTableViewCell.swift */; };
		74366DC0251CB55200B0FB76 /* CurrencyManager.swift in Sources */ = {isa = PBXBuildFile; fileRef = 74366DBF251CB55200B0FB76 /* CurrencyManager.swift */; };
		74366DC5251CB57300B0FB76 /* Currency.swift in Sources */ = {isa = PBXBuildFile; fileRef = 74366DC4251CB57300B0FB76 /* Currency.swift */; };
		74366DCB251CB97500B0FB76 /* SwiftyJSON in Frameworks */ = {isa = PBXBuildFile; productRef = 74366DCA251CB97500B0FB76 /* SwiftyJSON */; };
/* End PBXBuildFile section */

/* Begin PBXContainerItemProxy section */
		74366D98251CADC500B0FB76 /* PBXContainerItemProxy */ = {
			isa = PBXContainerItemProxy;
			containerPortal = 74366D79251CADC400B0FB76 /* Project object */;
			proxyType = 1;
			remoteGlobalIDString = 74366D80251CADC400B0FB76;
			remoteInfo = LandlordStudioTestSam;
		};
		74366DA3251CADC500B0FB76 /* PBXContainerItemProxy */ = {
			isa = PBXContainerItemProxy;
			containerPortal = 74366D79251CADC400B0FB76 /* Project object */;
			proxyType = 1;
			remoteGlobalIDString = 74366D80251CADC400B0FB76;
			remoteInfo = LandlordStudioTestSam;
		};
/* End PBXContainerItemProxy section */

/* Begin PBXFileReference section */
		74366D81251CADC400B0FB76 /* LandlordStudioTestSam.app */ = {isa = PBXFileReference; explicitFileType = wrapper.application; includeInIndex = 0; path = LandlordStudioTestSam.app; sourceTree = BUILT_PRODUCTS_DIR; };
		74366D84251CADC400B0FB76 /* AppDelegate.swift */ = {isa = PBXFileReference; lastKnownFileType = sourcecode.swift; path = AppDelegate.swift; sourceTree = "<group>"; };
		74366D86251CADC400B0FB76 /* SceneDelegate.swift */ = {isa = PBXFileReference; lastKnownFileType = sourcecode.swift; path = SceneDelegate.swift; sourceTree = "<group>"; };
		74366D88251CADC400B0FB76 /* ViewController.swift */ = {isa = PBXFileReference; lastKnownFileType = sourcecode.swift; path = ViewController.swift; sourceTree = "<group>"; };
		74366D8B251CADC400B0FB76 /* Base */ = {isa = PBXFileReference; lastKnownFileType = file.storyboard; name = Base; path = Base.lproj/Main.storyboard; sourceTree = "<group>"; };
		74366D8D251CADC500B0FB76 /* Assets.xcassets */ = {isa = PBXFileReference; lastKnownFileType = folder.assetcatalog; path = Assets.xcassets; sourceTree = "<group>"; };
		74366D90251CADC500B0FB76 /* Base */ = {isa = PBXFileReference; lastKnownFileType = file.storyboard; name = Base; path = Base.lproj/LaunchScreen.storyboard; sourceTree = "<group>"; };
		74366D92251CADC500B0FB76 /* Info.plist */ = {isa = PBXFileReference; lastKnownFileType = text.plist.xml; path = Info.plist; sourceTree = "<group>"; };
		74366D97251CADC500B0FB76 /* LandlordStudioTestSamTests.xctest */ = {isa = PBXFileReference; explicitFileType = wrapper.cfbundle; includeInIndex = 0; path = LandlordStudioTestSamTests.xctest; sourceTree = BUILT_PRODUCTS_DIR; };
		74366D9B251CADC500B0FB76 /* LandlordStudioTestSamTests.swift */ = {isa = PBXFileReference; lastKnownFileType = sourcecode.swift; path = LandlordStudioTestSamTests.swift; sourceTree = "<group>"; };
		74366D9D251CADC500B0FB76 /* Info.plist */ = {isa = PBXFileReference; lastKnownFileType = text.plist.xml; path = Info.plist; sourceTree = "<group>"; };
		74366DA2251CADC500B0FB76 /* LandlordStudioTestSamUITests.xctest */ = {isa = PBXFileReference; explicitFileType = wrapper.cfbundle; includeInIndex = 0; path = LandlordStudioTestSamUITests.xctest; sourceTree = BUILT_PRODUCTS_DIR; };
		74366DA6251CADC500B0FB76 /* LandlordStudioTestSamUITests.swift */ = {isa = PBXFileReference; lastKnownFileType = sourcecode.swift; path = LandlordStudioTestSamUITests.swift; sourceTree = "<group>"; };
		74366DA8251CADC500B0FB76 /* Info.plist */ = {isa = PBXFileReference; lastKnownFileType = text.plist.xml; path = Info.plist; sourceTree = "<group>"; };
		74366DB7251CAF7600B0FB76 /* CurrencyTableViewCell.swift */ = {isa = PBXFileReference; lastKnownFileType = sourcecode.swift; path = CurrencyTableViewCell.swift; sourceTree = "<group>"; };
		74366DBF251CB55200B0FB76 /* CurrencyManager.swift */ = {isa = PBXFileReference; lastKnownFileType = sourcecode.swift; path = CurrencyManager.swift; sourceTree = "<group>"; };
		74366DC4251CB57300B0FB76 /* Currency.swift */ = {isa = PBXFileReference; lastKnownFileType = sourcecode.swift; path = Currency.swift; sourceTree = "<group>"; };
/* End PBXFileReference section */

/* Begin PBXFrameworksBuildPhase section */
		74366D7E251CADC400B0FB76 /* Frameworks */ = {
			isa = PBXFrameworksBuildPhase;
			buildActionMask = 2147483647;
			files = (
				74366DCB251CB97500B0FB76 /* SwiftyJSON in Frameworks */,
			);
			runOnlyForDeploymentPostprocessing = 0;
		};
		74366D94251CADC500B0FB76 /* Frameworks */ = {
			isa = PBXFrameworksBuildPhase;
			buildActionMask = 2147483647;
			files = (
			);
			runOnlyForDeploymentPostprocessing = 0;
		};
		74366D9F251CADC500B0FB76 /* Frameworks */ = {
			isa = PBXFrameworksBuildPhase;
			buildActionMask = 2147483647;
			files = (
			);
			runOnlyForDeploymentPostprocessing = 0;
		};
/* End PBXFrameworksBuildPhase section */

/* Begin PBXGroup section */
		74366D78251CADC400B0FB76 = {
			isa = PBXGroup;
			children = (
				74366D83251CADC400B0FB76 /* LandlordStudioTestSam */,
				74366D9A251CADC500B0FB76 /* LandlordStudioTestSamTests */,
				74366DA5251CADC500B0FB76 /* LandlordStudioTestSamUITests */,
				74366D82251CADC400B0FB76 /* Products */,
			);
			sourceTree = "<group>";
		};
		74366D82251CADC400B0FB76 /* Products */ = {
			isa = PBXGroup;
			children = (
				74366D81251CADC400B0FB76 /* LandlordStudioTestSam.app */,
				74366D97251CADC500B0FB76 /* LandlordStudioTestSamTests.xctest */,
				74366DA2251CADC500B0FB76 /* LandlordStudioTestSamUITests.xctest */,
			);
			name = Products;
			sourceTree = "<group>";
		};
		74366D83251CADC400B0FB76 /* LandlordStudioTestSam */ = {
			isa = PBXGroup;
			children = (
				74366D92251CADC500B0FB76 /* Info.plist */,
				74366D8D251CADC500B0FB76 /* Assets.xcassets */,
				74366D8F251CADC500B0FB76 /* LaunchScreen.storyboard */,
				74366D84251CADC400B0FB76 /* AppDelegate.swift */,
				74366D86251CADC400B0FB76 /* SceneDelegate.swift */,
				74366D8A251CADC400B0FB76 /* Main.storyboard */,
				74366D88251CADC400B0FB76 /* ViewController.swift */,
				74366DB7251CAF7600B0FB76 /* CurrencyTableViewCell.swift */,
				74366DBF251CB55200B0FB76 /* CurrencyManager.swift */,
				74366DC4251CB57300B0FB76 /* Currency.swift */,
			);
			path = LandlordStudioTestSam;
			sourceTree = "<group>";
		};
		74366D9A251CADC500B0FB76 /* LandlordStudioTestSamTests */ = {
			isa = PBXGroup;
			children = (
				74366D9B251CADC500B0FB76 /* LandlordStudioTestSamTests.swift */,
				74366D9D251CADC500B0FB76 /* Info.plist */,
			);
			path = LandlordStudioTestSamTests;
			sourceTree = "<group>";
		};
		74366DA5251CADC500B0FB76 /* LandlordStudioTestSamUITests */ = {
			isa = PBXGroup;
			children = (
				74366DA6251CADC500B0FB76 /* LandlordStudioTestSamUITests.swift */,
				74366DA8251CADC500B0FB76 /* Info.plist */,
			);
			path = LandlordStudioTestSamUITests;
			sourceTree = "<group>";
		};
/* End PBXGroup section */

/* Begin PBXNativeTarget section */
		74366D80251CADC400B0FB76 /* LandlordStudioTestSam */ = {
			isa = PBXNativeTarget;
			buildConfigurationList = 74366DAB251CADC500B0FB76 /* Build configuration list for PBXNativeTarget "LandlordStudioTestSam" */;
			buildPhases = (
				74366D7D251CADC400B0FB76 /* Sources */,
				74366D7E251CADC400B0FB76 /* Frameworks */,
				74366D7F251CADC400B0FB76 /* Resources */,
			);
			buildRules = (
			);
			dependencies = (
			);
			name = LandlordStudioTestSam;
			packageProductDependencies = (
				74366DCA251CB97500B0FB76 /* SwiftyJSON */,
			);
			productName = LandlordStudioTestSam;
			productReference = 74366D81251CADC400B0FB76 /* LandlordStudioTestSam.app */;
			productType = "com.apple.product-type.application";
		};
		74366D96251CADC500B0FB76 /* LandlordStudioTestSamTests */ = {
			isa = PBXNativeTarget;
			buildConfigurationList = 74366DAE251CADC500B0FB76 /* Build configuration list for PBXNativeTarget "LandlordStudioTestSamTests" */;
			buildPhases = (
				74366D93251CADC500B0FB76 /* Sources */,
				74366D94251CADC500B0FB76 /* Frameworks */,
				74366D95251CADC500B0FB76 /* Resources */,
			);
			buildRules = (
			);
			dependencies = (
				74366D99251CADC500B0FB76 /* PBXTargetDependency */,
			);
			name = LandlordStudioTestSamTests;
			productName = LandlordStudioTestSamTests;
			productReference = 74366D97251CADC500B0FB76 /* LandlordStudioTestSamTests.xctest */;
			productType = "com.apple.product-type.bundle.unit-test";
		};
		74366DA1251CADC500B0FB76 /* LandlordStudioTestSamUITests */ = {
			isa = PBXNativeTarget;
			buildConfigurationList = 74366DB1251CADC500B0FB76 /* Build configuration list for PBXNativeTarget "LandlordStudioTestSamUITests" */;
			buildPhases = (
				74366D9E251CADC500B0FB76 /* Sources */,
				74366D9F251CADC500B0FB76 /* Frameworks */,
				74366DA0251CADC500B0FB76 /* Resources */,
			);
			buildRules = (
			);
			dependencies = (
				74366DA4251CADC500B0FB76 /* PBXTargetDependency */,
			);
			name = LandlordStudioTestSamUITests;
			productName = LandlordStudioTestSamUITests;
			productReference = 74366DA2251CADC500B0FB76 /* LandlordStudioTestSamUITests.xctest */;
			productType = "com.apple.product-type.bundle.ui-testing";
		};
/* End PBXNativeTarget section */

/* Begin PBXProject section */
		74366D79251CADC400B0FB76 /* Project object */ = {
			isa = PBXProject;
			attributes = {
				LastSwiftUpdateCheck = 1200;
				LastUpgradeCheck = 1200;
				TargetAttributes = {
					74366D80251CADC400B0FB76 = {
						CreatedOnToolsVersion = 12.0;
					};
					74366D96251CADC500B0FB76 = {
						CreatedOnToolsVersion = 12.0;
						TestTargetID = 74366D80251CADC400B0FB76;
					};
					74366DA1251CADC500B0FB76 = {
						CreatedOnToolsVersion = 12.0;
						TestTargetID = 74366D80251CADC400B0FB76;
					};
				};
			};
			buildConfigurationList = 74366D7C251CADC400B0FB76 /* Build configuration list for PBXProject "LandlordStudioTestSam" */;
			compatibilityVersion = "Xcode 9.3";
			developmentRegion = en;
			hasScannedForEncodings = 0;
			knownRegions = (
				en,
				Base,
			);
			mainGroup = 74366D78251CADC400B0FB76;
			packageReferences = (
				74366DC9251CB97500B0FB76 /* XCRemoteSwiftPackageReference "SwiftyJSON" */,
			);
			productRefGroup = 74366D82251CADC400B0FB76 /* Products */;
			projectDirPath = "";
			projectRoot = "";
			targets = (
				74366D80251CADC400B0FB76 /* LandlordStudioTestSam */,
				74366D96251CADC500B0FB76 /* LandlordStudioTestSamTests */,
				74366DA1251CADC500B0FB76 /* LandlordStudioTestSamUITests */,
			);
		};
/* End PBXProject section */

/* Begin PBXResourcesBuildPhase section */
		74366D7F251CADC400B0FB76 /* Resources */ = {
			isa = PBXResourcesBuildPhase;
			buildActionMask = 2147483647;
			files = (
				74366D91251CADC500B0FB76 /* LaunchScreen.storyboard in Resources */,
				74366D8E251CADC500B0FB76 /* Assets.xcassets in Resources */,
				74366D8C251CADC400B0FB76 /* Main.storyboard in Resources */,
			);
			runOnlyForDeploymentPostprocessing = 0;
		};
		74366D95251CADC500B0FB76 /* Resources */ = {
			isa = PBXResourcesBuildPhase;
			buildActionMask = 2147483647;
			files = (
			);
			runOnlyForDeploymentPostprocessing = 0;
		};
		74366DA0251CADC500B0FB76 /* Resources */ = {
			isa = PBXResourcesBuildPhase;
			buildActionMask = 2147483647;
			files = (
			);
			runOnlyForDeploymentPostprocessing = 0;
		};
/* End PBXResourcesBuildPhase section */

/* Begin PBXSourcesBuildPhase section */
		74366D7D251CADC400B0FB76 /* Sources */ = {
			isa = PBXSourcesBuildPhase;
			buildActionMask = 2147483647;
			files = (
				74366DC5251CB57300B0FB76 /* Currency.swift in Sources */,
				74366DB8251CAF7600B0FB76 /* CurrencyTableViewCell.swift in Sources */,
				74366DC0251CB55200B0FB76 /* CurrencyManager.swift in Sources */,
				74366D89251CADC400B0FB76 /* ViewController.swift in Sources */,
				74366D85251CADC400B0FB76 /* AppDelegate.swift in Sources */,
				74366D87251CADC400B0FB76 /* SceneDelegate.swift in Sources */,
			);
			runOnlyForDeploymentPostprocessing = 0;
		};
		74366D93251CADC500B0FB76 /* Sources */ = {
			isa = PBXSourcesBuildPhase;
			buildActionMask = 2147483647;
			files = (
				74366D9C251CADC500B0FB76 /* LandlordStudioTestSamTests.swift in Sources */,
			);
			runOnlyForDeploymentPostprocessing = 0;
		};
		74366D9E251CADC500B0FB76 /* Sources */ = {
			isa = PBXSourcesBuildPhase;
			buildActionMask = 2147483647;
			files = (
				74366DA7251CADC500B0FB76 /* LandlordStudioTestSamUITests.swift in Sources */,
			);
			runOnlyForDeploymentPostprocessing = 0;
		};
/* End PBXSourcesBuildPhase section */

/* Begin PBXTargetDependency section */
		74366D99251CADC500B0FB76 /* PBXTargetDependency */ = {
			isa = PBXTargetDependency;
			target = 74366D80251CADC400B0FB76 /* LandlordStudioTestSam */;
			targetProxy = 74366D98251CADC500B0FB76 /* PBXContainerItemProxy */;
		};
		74366DA4251CADC500B0FB76 /* PBXTargetDependency */ = {
			isa = PBXTargetDependency;
			target = 74366D80251CADC400B0FB76 /* LandlordStudioTestSam */;
			targetProxy = 74366DA3251CADC500B0FB76 /* PBXContainerItemProxy */;
		};
/* End PBXTargetDependency section */

/* Begin PBXVariantGroup section */
		74366D8A251CADC400B0FB76 /* Main.storyboard */ = {
			isa = PBXVariantGroup;
			children = (
				74366D8B251CADC400B0FB76 /* Base */,
			);
			name = Main.storyboard;
			sourceTree = "<group>";
		};
		74366D8F251CADC500B0FB76 /* LaunchScreen.storyboard */ = {
			isa = PBXVariantGroup;
			children = (
				74366D90251CADC500B0FB76 /* Base */,
			);
			name = LaunchScreen.storyboard;
			sourceTree = "<group>";
		};
/* End PBXVariantGroup section */

/* Begin XCBuildConfiguration section */
		74366DA9251CADC500B0FB76 /* Debug */ = {
			isa = XCBuildConfiguration;
			buildSettings = {
				ALWAYS_SEARCH_USER_PATHS = NO;
				CLANG_ANALYZER_NONNULL = YES;
				CLANG_ANALYZER_NUMBER_OBJECT_CONVERSION = YES_AGGRESSIVE;
				CLANG_CXX_LANGUAGE_STANDARD = "gnu++14";
				CLANG_CXX_LIBRARY = "libc++";
				CLANG_ENABLE_MODULES = YES;
				CLANG_ENABLE_OBJC_ARC = YES;
				CLANG_ENABLE_OBJC_WEAK = YES;
				CLANG_WARN_BLOCK_CAPTURE_AUTORELEASING = YES;
				CLANG_WARN_BOOL_CONVERSION = YES;
				CLANG_WARN_COMMA = YES;
				CLANG_WARN_CONSTANT_CONVERSION = YES;
				CLANG_WARN_DEPRECATED_OBJC_IMPLEMENTATIONS = YES;
				CLANG_WARN_DIRECT_OBJC_ISA_USAGE = YES_ERROR;
				CLANG_WARN_DOCUMENTATION_COMMENTS = YES;
				CLANG_WARN_EMPTY_BODY = YES;
				CLANG_WARN_ENUM_CONVERSION = YES;
				CLANG_WARN_INFINITE_RECURSION = YES;
				CLANG_WARN_INT_CONVERSION = YES;
				CLANG_WARN_NON_LITERAL_NULL_CONVERSION = YES;
				CLANG_WARN_OBJC_IMPLICIT_RETAIN_SELF = YES;
				CLANG_WARN_OBJC_LITERAL_CONVERSION = YES;
				CLANG_WARN_OBJC_ROOT_CLASS = YES_ERROR;
				CLANG_WARN_QUOTED_INCLUDE_IN_FRAMEWORK_HEADER = YES;
				CLANG_WARN_RANGE_LOOP_ANALYSIS = YES;
				CLANG_WARN_STRICT_PROTOTYPES = YES;
				CLANG_WARN_SUSPICIOUS_MOVE = YES;
				CLANG_WARN_UNGUARDED_AVAILABILITY = YES_AGGRESSIVE;
				CLANG_WARN_UNREACHABLE_CODE = YES;
				CLANG_WARN__DUPLICATE_METHOD_MATCH = YES;
				COPY_PHASE_STRIP = NO;
				DEBUG_INFORMATION_FORMAT = dwarf;
				ENABLE_STRICT_OBJC_MSGSEND = YES;
				ENABLE_TESTABILITY = YES;
				GCC_C_LANGUAGE_STANDARD = gnu11;
				GCC_DYNAMIC_NO_PIC = NO;
				GCC_NO_COMMON_BLOCKS = YES;
				GCC_OPTIMIZATION_LEVEL = 0;
				GCC_PREPROCESSOR_DEFINITIONS = (
					"DEBUG=1",
					"$(inherited)",
				);
				GCC_WARN_64_TO_32_BIT_CONVERSION = YES;
				GCC_WARN_ABOUT_RETURN_TYPE = YES_ERROR;
				GCC_WARN_UNDECLARED_SELECTOR = YES;
				GCC_WARN_UNINITIALIZED_AUTOS = YES_AGGRESSIVE;
				GCC_WARN_UNUSED_FUNCTION = YES;
				GCC_WARN_UNUSED_VARIABLE = YES;
				IPHONEOS_DEPLOYMENT_TARGET = 14.0;
				MTL_ENABLE_DEBUG_INFO = INCLUDE_SOURCE;
				MTL_FAST_MATH = YES;
				ONLY_ACTIVE_ARCH = YES;
				SDKROOT = iphoneos;
				SWIFT_ACTIVE_COMPILATION_CONDITIONS = DEBUG;
				SWIFT_OPTIMIZATION_LEVEL = "-Onone";
			};
			name = Debug;
		};
		74366DAA251CADC500B0FB76 /* Release */ = {
			isa = XCBuildConfiguration;
			buildSettings = {
				ALWAYS_SEARCH_USER_PATHS = NO;
				CLANG_ANALYZER_NONNULL = YES;
				CLANG_ANALYZER_NUMBER_OBJECT_CONVERSION = YES_AGGRESSIVE;
				CLANG_CXX_LANGUAGE_STANDARD = "gnu++14";
				CLANG_CXX_LIBRARY = "libc++";
				CLANG_ENABLE_MODULES = YES;
				CLANG_ENABLE_OBJC_ARC = YES;
				CLANG_ENABLE_OBJC_WEAK = YES;
				CLANG_WARN_BLOCK_CAPTURE_AUTORELEASING = YES;
				CLANG_WARN_BOOL_CONVERSION = YES;
				CLANG_WARN_COMMA = YES;
				CLANG_WARN_CONSTANT_CONVERSION = YES;
				CLANG_WARN_DEPRECATED_OBJC_IMPLEMENTATIONS = YES;
				CLANG_WARN_DIRECT_OBJC_ISA_USAGE = YES_ERROR;
				CLANG_WARN_DOCUMENTATION_COMMENTS = YES;
				CLANG_WARN_EMPTY_BODY = YES;
				CLANG_WARN_ENUM_CONVERSION = YES;
				CLANG_WARN_INFINITE_RECURSION = YES;
				CLANG_WARN_INT_CONVERSION = YES;
				CLANG_WARN_NON_LITERAL_NULL_CONVERSION = YES;
				CLANG_WARN_OBJC_IMPLICIT_RETAIN_SELF = YES;
				CLANG_WARN_OBJC_LITERAL_CONVERSION = YES;
				CLANG_WARN_OBJC_ROOT_CLASS = YES_ERROR;
				CLANG_WARN_QUOTED_INCLUDE_IN_FRAMEWORK_HEADER = YES;
				CLANG_WARN_RANGE_LOOP_ANALYSIS = YES;
				CLANG_WARN_STRICT_PROTOTYPES = YES;
				CLANG_WARN_SUSPICIOUS_MOVE = YES;
				CLANG_WARN_UNGUARDED_AVAILABILITY = YES_AGGRESSIVE;
				CLANG_WARN_UNREACHABLE_CODE = YES;
				CLANG_WARN__DUPLICATE_METHOD_MATCH = YES;
				COPY_PHASE_STRIP = NO;
				DEBUG_INFORMATION_FORMAT = "dwarf-with-dsym";
				ENABLE_NS_ASSERTIONS = NO;
				ENABLE_STRICT_OBJC_MSGSEND = YES;
				GCC_C_LANGUAGE_STANDARD = gnu11;
				GCC_NO_COMMON_BLOCKS = YES;
				GCC_WARN_64_TO_32_BIT_CONVERSION = YES;
				GCC_WARN_ABOUT_RETURN_TYPE = YES_ERROR;
				GCC_WARN_UNDECLARED_SELECTOR = YES;
				GCC_WARN_UNINITIALIZED_AUTOS = YES_AGGRESSIVE;
				GCC_WARN_UNUSED_FUNCTION = YES;
				GCC_WARN_UNUSED_VARIABLE = YES;
				IPHONEOS_DEPLOYMENT_TARGET = 14.0;
				MTL_ENABLE_DEBUG_INFO = NO;
				MTL_FAST_MATH = YES;
				SDKROOT = iphoneos;
				SWIFT_COMPILATION_MODE = wholemodule;
				SWIFT_OPTIMIZATION_LEVEL = "-O";
				VALIDATE_PRODUCT = YES;
			};
			name = Release;
		};
		74366DAC251CADC500B0FB76 /* Debug */ = {
			isa = XCBuildConfiguration;
			buildSettings = {
				ASSETCATALOG_COMPILER_APPICON_NAME = AppIcon;
				ASSETCATALOG_COMPILER_GLOBAL_ACCENT_COLOR_NAME = AccentColor;
				CODE_SIGN_STYLE = Automatic;
				INFOPLIST_FILE = LandlordStudioTestSam/Info.plist;
				LD_RUNPATH_SEARCH_PATHS = (
					"$(inherited)",
					"@executable_path/Frameworks",
				);
				PRODUCT_BUNDLE_IDENTIFIER = com.smoriyasu.LandlordStudioTestSam;
				PRODUCT_NAME = "$(TARGET_NAME)";
				SWIFT_VERSION = 5.0;
				TARGETED_DEVICE_FAMILY = "1,2";
			};
			name = Debug;
		};
		74366DAD251CADC500B0FB76 /* Release */ = {
			isa = XCBuildConfiguration;
			buildSettings = {
				ASSETCATALOG_COMPILER_APPICON_NAME = AppIcon;
				ASSETCATALOG_COMPILER_GLOBAL_ACCENT_COLOR_NAME = AccentColor;
				CODE_SIGN_STYLE = Automatic;
				INFOPLIST_FILE = LandlordStudioTestSam/Info.plist;
				LD_RUNPATH_SEARCH_PATHS = (
					"$(inherited)",
					"@executable_path/Frameworks",
				);
				PRODUCT_BUNDLE_IDENTIFIER = com.smoriyasu.LandlordStudioTestSam;
				PRODUCT_NAME = "$(TARGET_NAME)";
				SWIFT_VERSION = 5.0;
				TARGETED_DEVICE_FAMILY = "1,2";
			};
			name = Release;
		};
		74366DAF251CADC500B0FB76 /* Debug */ = {
			isa = XCBuildConfiguration;
			buildSettings = {
				ALWAYS_EMBED_SWIFT_STANDARD_LIBRARIES = YES;
				BUNDLE_LOADER = "$(TEST_HOST)";
				CODE_SIGN_STYLE = Automatic;
				INFOPLIST_FILE = LandlordStudioTestSamTests/Info.plist;
				IPHONEOS_DEPLOYMENT_TARGET = 14.0;
				LD_RUNPATH_SEARCH_PATHS = (
					"$(inherited)",
					"@executable_path/Frameworks",
					"@loader_path/Frameworks",
				);
				PRODUCT_BUNDLE_IDENTIFIER = com.smoriyasu.LandlordStudioTestSamTests;
				PRODUCT_NAME = "$(TARGET_NAME)";
				SWIFT_VERSION = 5.0;
				TARGETED_DEVICE_FAMILY = "1,2";
				TEST_HOST = "$(BUILT_PRODUCTS_DIR)/LandlordStudioTestSam.app/LandlordStudioTestSam";
			};
			name = Debug;
		};
		74366DB0251CADC500B0FB76 /* Release */ = {
			isa = XCBuildConfiguration;
			buildSettings = {
				ALWAYS_EMBED_SWIFT_STANDARD_LIBRARIES = YES;
				BUNDLE_LOADER = "$(TEST_HOST)";
				CODE_SIGN_STYLE = Automatic;
				INFOPLIST_FILE = LandlordStudioTestSamTests/Info.plist;
				IPHONEOS_DEPLOYMENT_TARGET = 14.0;
				LD_RUNPATH_SEARCH_PATHS = (
					"$(inherited)",
					"@executable_path/Frameworks",
					"@loader_path/Frameworks",
				);
				PRODUCT_BUNDLE_IDENTIFIER = com.smoriyasu.LandlordStudioTestSamTests;
				PRODUCT_NAME = "$(TARGET_NAME)";
				SWIFT_VERSION = 5.0;
				TARGETED_DEVICE_FAMILY = "1,2";
				TEST_HOST = "$(BUILT_PRODUCTS_DIR)/LandlordStudioTestSam.app/LandlordStudioTestSam";
			};
			name = Release;
		};
		74366DB2251CADC500B0FB76 /* Debug */ = {
			isa = XCBuildConfiguration;
			buildSettings = {
				ALWAYS_EMBED_SWIFT_STANDARD_LIBRARIES = YES;
				CODE_SIGN_STYLE = Automatic;
				INFOPLIST_FILE = LandlordStudioTestSamUITests/Info.plist;
				LD_RUNPATH_SEARCH_PATHS = (
					"$(inherited)",
					"@executable_path/Frameworks",
					"@loader_path/Frameworks",
				);
				PRODUCT_BUNDLE_IDENTIFIER = com.smoriyasu.LandlordStudioTestSamUITests;
				PRODUCT_NAME = "$(TARGET_NAME)";
				SWIFT_VERSION = 5.0;
				TARGETED_DEVICE_FAMILY = "1,2";
				TEST_TARGET_NAME = LandlordStudioTestSam;
			};
			name = Debug;
		};
		74366DB3251CADC500B0FB76 /* Release */ = {
			isa = XCBuildConfiguration;
			buildSettings = {
				ALWAYS_EMBED_SWIFT_STANDARD_LIBRARIES = YES;
				CODE_SIGN_STYLE = Automatic;
				INFOPLIST_FILE = LandlordStudioTestSamUITests/Info.plist;
				LD_RUNPATH_SEARCH_PATHS = (
					"$(inherited)",
					"@executable_path/Frameworks",
					"@loader_path/Frameworks",
				);
				PRODUCT_BUNDLE_IDENTIFIER = com.smoriyasu.LandlordStudioTestSamUITests;
				PRODUCT_NAME = "$(TARGET_NAME)";
				SWIFT_VERSION = 5.0;
				TARGETED_DEVICE_FAMILY = "1,2";
				TEST_TARGET_NAME = LandlordStudioTestSam;
			};
			name = Release;
		};
/* End XCBuildConfiguration section */

/* Begin XCConfigurationList section */
		74366D7C251CADC400B0FB76 /* Build configuration list for PBXProject "LandlordStudioTestSam" */ = {
			isa = XCConfigurationList;
			buildConfigurations = (
				74366DA9251CADC500B0FB76 /* Debug */,
				74366DAA251CADC500B0FB76 /* Release */,
			);
			defaultConfigurationIsVisible = 0;
			defaultConfigurationName = Release;
		};
		74366DAB251CADC500B0FB76 /* Build configuration list for PBXNativeTarget "LandlordStudioTestSam" */ = {
			isa = XCConfigurationList;
			buildConfigurations = (
				74366DAC251CADC500B0FB76 /* Debug */,
				74366DAD251CADC500B0FB76 /* Release */,
			);
			defaultConfigurationIsVisible = 0;
			defaultConfigurationName = Release;
		};
		74366DAE251CADC500B0FB76 /* Build configuration list for PBXNativeTarget "LandlordStudioTestSamTests" */ = {
			isa = XCConfigurationList;
			buildConfigurations = (
				74366DAF251CADC500B0FB76 /* Debug */,
				74366DB0251CADC500B0FB76 /* Release */,
			);
			defaultConfigurationIsVisible = 0;
			defaultConfigurationName = Release;
		};
		74366DB1251CADC500B0FB76 /* Build configuration list for PBXNativeTarget "LandlordStudioTestSamUITests" */ = {
			isa = XCConfigurationList;
			buildConfigurations = (
				74366DB2251CADC500B0FB76 /* Debug */,
				74366DB3251CADC500B0FB76 /* Release */,
			);
			defaultConfigurationIsVisible = 0;
			defaultConfigurationName = Release;
		};
/* End XCConfigurationList section */

/* Begin XCRemoteSwiftPackageReference section */
		74366DC9251CB97500B0FB76 /* XCRemoteSwiftPackageReference "SwiftyJSON" */ = {
			isa = XCRemoteSwiftPackageReference;
			repositoryURL = "https://github.com/SwiftyJSON/SwiftyJSON.git";
			requirement = {
				kind = upToNextMajorVersion;
				minimumVersion = 5.0.0;
			};
		};
/* End XCRemoteSwiftPackageReference section */

/* Begin XCSwiftPackageProductDependency section */
		74366DCA251CB97500B0FB76 /* SwiftyJSON */ = {
			isa = XCSwiftPackageProductDependency;
			package = 74366DC9251CB97500B0FB76 /* XCRemoteSwiftPackageReference "SwiftyJSON" */;
			productName = SwiftyJSON;
		};
/* End XCSwiftPackageProductDependency section */
	};
	rootObject = 74366D79251CADC400B0FB76 /* Project object */;
}
